
Microsoft Visual Studio Solution File, Format Version 12.00
# Visual Studio Version 17
VisualStudioVersion = 17.2.32616.157
MinimumVisualStudioVersion = 10.0.40219.1
Project("{9A19103F-16F7-4668-BE54-9A1E7A4F7556}") = "CodingInterview", "CodingInterview\CodingInterview.csproj", "{A55A6D3A-978D-4BE9-AD7D-79CE23A5FDD7}"
EndProject
Project("{2150E333-8FDC-42A3-9474-1A3956D46DE8}") = "OOP", "OOP", "{E699FFE4-8AE0-4F81-A72F-D854B11DF42D}"
EndProject
Project("{9A19103F-16F7-4668-BE54-9A1E7A4F7556}") = "OOP.Abstraction", "OOP\OOP.Abstraction\OOP.Abstraction.csproj", "{950F4257-2ECF-4E65-9A8D-AB4DA187E321}"
EndProject
Project("{9A19103F-16F7-4668-BE54-9A1E7A4F7556}") = "OOP.Encapsulation", "OOP\OOP.Encapsulation\OOP.Encapsulation.csproj", "{26ED4226-4626-4107-AB8B-6E9C69D7BD00}"
EndProject
Project("{9A19103F-16F7-4668-BE54-9A1E7A4F7556}") = "OOP.Inheritance", "OOP\OOP.Inheritance\OOP.Inheritance.csproj", "{96A54259-4196-46D7-9B42-4E48C0E80E93}"
EndProject
Project("{9A19103F-16F7-4668-BE54-9A1E7A4F7556}") = "OOP.Polymorphism", "OOP\OOP.Polymorphism\OOP.Polymorphism.csproj", "{9495302D-37E6-4D21-B3AD-8D9DBC4794A2}"
EndProject
Project("{9A19103F-16F7-4668-BE54-9A1E7A4F7556}") = "OOP.StaticClass", "OOP\OOP.StaticClass\OOP.StaticClass.csproj", "{9A35E791-7BA6-47E4-B6C2-1C23271C8B4A}"
EndProject
Project("{9A19103F-16F7-4668-BE54-9A1E7A4F7556}") = "OOP.SealedClass", "OOP\SealedClass\OOP.SealedClass.csproj", "{829F9397-CE5A-4C0C-BC40-46251BB0F04E}"
EndProject
Project("{2150E333-8FDC-42A3-9474-1A3956D46DE8}") = "Array", "Array", "{D6009C6F-B48E-4FB1-956F-168216A97F27}"
EndProject
Project("{9A19103F-16F7-4668-BE54-9A1E7A4F7556}") = "Anagram", "Array\Anagram\Anagram.csproj", "{44DCD8EE-60F5-4982-9115-766FF21593AA}"
EndProject
Project("{9A19103F-16F7-4668-BE54-9A1E7A4F7556}") = "ArrayOfProductOfAllElement", "Array\ArrayOfProductOfAllElement\ArrayOfProductOfAllElement.csproj", "{5633D31D-A887-44FC-ABA6-1834BE9D5829}"
EndProject
Project("{9A19103F-16F7-4668-BE54-9A1E7A4F7556}") = "GetTheLongestValidWord", "Array\GetTheLongestValidWord\GetTheLongestValidWord.csproj", "{91EAEBF5-D65E-4E06-B60E-FE25D211A039}"
EndProject
Project("{9A19103F-16F7-4668-BE54-9A1E7A4F7556}") = "LetterCombinationOfPhoneNumber", "Array\LetterCombinationOfPhoneNumber\LetterCombinationOfPhoneNumber.csproj", "{7C62E239-152F-4792-ACC3-99277B86C6E3}"
EndProject
Project("{9A19103F-16F7-4668-BE54-9A1E7A4F7556}") = "FindIndicesOfTwoSum", "Array\TwoSum\FindIndicesOfTwoSum.csproj", "{F1C8D45C-9595-4611-902D-3CDBD7E40D10}"
EndProject
Project("{9A19103F-16F7-4668-BE54-9A1E7A4F7556}") = "GetMinDiff", "Array\GetMinDiff\GetMinDiff.csproj", "{C0B2FCD6-FDF1-4452-8F23-B0C7D81664DD}"
EndProject
Project("{2150E333-8FDC-42A3-9474-1A3956D46DE8}") = "Triangle", "Triangle", "{7E426E86-D1BB-4A33-A8A0-0FCC5AC2463A}"
EndProject
Project("{9A19103F-16F7-4668-BE54-9A1E7A4F7556}") = "CheckPostionTriangle", "Triangle\CheckPostionTriangle\CheckPostionTriangle.csproj", "{69F999DA-168C-4278-AF09-831473B09842}"
EndProject
Project("{2150E333-8FDC-42A3-9474-1A3956D46DE8}") = "AlgoModels", "AlgoModels", "{A528CFD0-43E3-497C-85FE-B4E0740789A6}"
EndProject
Project("{FAE04EC0-301F-11D3-BF4B-00C04F79EFBC}") = "BinarySearchDuo", "AlgoModels\BinarySearchDuo\BinarySearchDuo\BinarySearchDuo.csproj", "{5EA50C95-2EC0-44F6-8A96-B772741D0A74}"
EndProject
Project("{FAE04EC0-301F-11D3-BF4B-00C04F79EFBC}") = "BinarySearchSingle", "AlgoModels\BinarySearchSingle\BinarySearchSingle\BinarySearchSingle.csproj", "{F1BDECE3-C50C-4DB2-B3EB-3F5E181AC911}"
EndProject
Project("{FAE04EC0-301F-11D3-BF4B-00C04F79EFBC}") = "BubbleSort", "AlgoModels\BubbleSort\BubbleSort\BubbleSort.csproj", "{481B4F5F-8D9D-4DB1-8C9B-958D43570941}"
EndProject
Project("{FAE04EC0-301F-11D3-BF4B-00C04F79EFBC}") = "LinearSearch", "AlgoModels\LinearSearch\LinearSearch\LinearSearch.csproj", "{D8B4A2EC-6648-4E1E-8320-5235EE8FDEA7}"
EndProject
Global
	GlobalSection(SolutionConfigurationPlatforms) = preSolution
		Debug|Any CPU = Debug|Any CPU
		Release|Any CPU = Release|Any CPU
	EndGlobalSection
	GlobalSection(ProjectConfigurationPlatforms) = postSolution
		{A55A6D3A-978D-4BE9-AD7D-79CE23A5FDD7}.Debug|Any CPU.ActiveCfg = Debug|Any CPU
		{A55A6D3A-978D-4BE9-AD7D-79CE23A5FDD7}.Debug|Any CPU.Build.0 = Debug|Any CPU
		{A55A6D3A-978D-4BE9-AD7D-79CE23A5FDD7}.Release|Any CPU.ActiveCfg = Release|Any CPU
		{A55A6D3A-978D-4BE9-AD7D-79CE23A5FDD7}.Release|Any CPU.Build.0 = Release|Any CPU
		{950F4257-2ECF-4E65-9A8D-AB4DA187E321}.Debug|Any CPU.ActiveCfg = Debug|Any CPU
		{950F4257-2ECF-4E65-9A8D-AB4DA187E321}.Debug|Any CPU.Build.0 = Debug|Any CPU
		{950F4257-2ECF-4E65-9A8D-AB4DA187E321}.Release|Any CPU.ActiveCfg = Release|Any CPU
		{950F4257-2ECF-4E65-9A8D-AB4DA187E321}.Release|Any CPU.Build.0 = Release|Any CPU
		{26ED4226-4626-4107-AB8B-6E9C69D7BD00}.Debug|Any CPU.ActiveCfg = Debug|Any CPU
		{26ED4226-4626-4107-AB8B-6E9C69D7BD00}.Debug|Any CPU.Build.0 = Debug|Any CPU
		{26ED4226-4626-4107-AB8B-6E9C69D7BD00}.Release|Any CPU.ActiveCfg = Release|Any CPU
		{26ED4226-4626-4107-AB8B-6E9C69D7BD00}.Release|Any CPU.Build.0 = Release|Any CPU
		{96A54259-4196-46D7-9B42-4E48C0E80E93}.Debug|Any CPU.ActiveCfg = Debug|Any CPU
		{96A54259-4196-46D7-9B42-4E48C0E80E93}.Debug|Any CPU.Build.0 = Debug|Any CPU
		{96A54259-4196-46D7-9B42-4E48C0E80E93}.Release|Any CPU.ActiveCfg = Release|Any CPU
		{96A54259-4196-46D7-9B42-4E48C0E80E93}.Release|Any CPU.Build.0 = Release|Any CPU
		{9495302D-37E6-4D21-B3AD-8D9DBC4794A2}.Debug|Any CPU.ActiveCfg = Debug|Any CPU
		{9495302D-37E6-4D21-B3AD-8D9DBC4794A2}.Debug|Any CPU.Build.0 = Debug|Any CPU
		{9495302D-37E6-4D21-B3AD-8D9DBC4794A2}.Release|Any CPU.ActiveCfg = Release|Any CPU
		{9495302D-37E6-4D21-B3AD-8D9DBC4794A2}.Release|Any CPU.Build.0 = Release|Any CPU
		{9A35E791-7BA6-47E4-B6C2-1C23271C8B4A}.Debug|Any CPU.ActiveCfg = Debug|Any CPU
		{9A35E791-7BA6-47E4-B6C2-1C23271C8B4A}.Debug|Any CPU.Build.0 = Debug|Any CPU
		{9A35E791-7BA6-47E4-B6C2-1C23271C8B4A}.Release|Any CPU.ActiveCfg = Release|Any CPU
		{9A35E791-7BA6-47E4-B6C2-1C23271C8B4A}.Release|Any CPU.Build.0 = Release|Any CPU
		{829F9397-CE5A-4C0C-BC40-46251BB0F04E}.Debug|Any CPU.ActiveCfg = Debug|Any CPU
		{829F9397-CE5A-4C0C-BC40-46251BB0F04E}.Debug|Any CPU.Build.0 = Debug|Any CPU
		{829F9397-CE5A-4C0C-BC40-46251BB0F04E}.Release|Any CPU.ActiveCfg = Release|Any CPU
		{829F9397-CE5A-4C0C-BC40-46251BB0F04E}.Release|Any CPU.Build.0 = Release|Any CPU
		{44DCD8EE-60F5-4982-9115-766FF21593AA}.Debug|Any CPU.ActiveCfg = Debug|Any CPU
		{44DCD8EE-60F5-4982-9115-766FF21593AA}.Debug|Any CPU.Build.0 = Debug|Any CPU
		{44DCD8EE-60F5-4982-9115-766FF21593AA}.Release|Any CPU.ActiveCfg = Release|Any CPU
		{44DCD8EE-60F5-4982-9115-766FF21593AA}.Release|Any CPU.Build.0 = Release|Any CPU
		{5633D31D-A887-44FC-ABA6-1834BE9D5829}.Debug|Any CPU.ActiveCfg = Debug|Any CPU
		{5633D31D-A887-44FC-ABA6-1834BE9D5829}.Debug|Any CPU.Build.0 = Debug|Any CPU
		{5633D31D-A887-44FC-ABA6-1834BE9D5829}.Release|Any CPU.ActiveCfg = Release|Any CPU
		{5633D31D-A887-44FC-ABA6-1834BE9D5829}.Release|Any CPU.Build.0 = Release|Any CPU
		{91EAEBF5-D65E-4E06-B60E-FE25D211A039}.Debug|Any CPU.ActiveCfg = Debug|Any CPU
		{91EAEBF5-D65E-4E06-B60E-FE25D211A039}.Debug|Any CPU.Build.0 = Debug|Any CPU
		{91EAEBF5-D65E-4E06-B60E-FE25D211A039}.Release|Any CPU.ActiveCfg = Release|Any CPU
		{91EAEBF5-D65E-4E06-B60E-FE25D211A039}.Release|Any CPU.Build.0 = Release|Any CPU
		{7C62E239-152F-4792-ACC3-99277B86C6E3}.Debug|Any CPU.ActiveCfg = Debug|Any CPU
		{7C62E239-152F-4792-ACC3-99277B86C6E3}.Debug|Any CPU.Build.0 = Debug|Any CPU
		{7C62E239-152F-4792-ACC3-99277B86C6E3}.Release|Any CPU.ActiveCfg = Release|Any CPU
		{7C62E239-152F-4792-ACC3-99277B86C6E3}.Release|Any CPU.Build.0 = Release|Any CPU
		{F1C8D45C-9595-4611-902D-3CDBD7E40D10}.Debug|Any CPU.ActiveCfg = Debug|Any CPU
		{F1C8D45C-9595-4611-902D-3CDBD7E40D10}.Debug|Any CPU.Build.0 = Debug|Any CPU
		{F1C8D45C-9595-4611-902D-3CDBD7E40D10}.Release|Any CPU.ActiveCfg = Release|Any CPU
		{F1C8D45C-9595-4611-902D-3CDBD7E40D10}.Release|Any CPU.Build.0 = Release|Any CPU
		{C0B2FCD6-FDF1-4452-8F23-B0C7D81664DD}.Debug|Any CPU.ActiveCfg = Debug|Any CPU
		{C0B2FCD6-FDF1-4452-8F23-B0C7D81664DD}.Debug|Any CPU.Build.0 = Debug|Any CPU
		{C0B2FCD6-FDF1-4452-8F23-B0C7D81664DD}.Release|Any CPU.ActiveCfg = Release|Any CPU
		{C0B2FCD6-FDF1-4452-8F23-B0C7D81664DD}.Release|Any CPU.Build.0 = Release|Any CPU
		{69F999DA-168C-4278-AF09-831473B09842}.Debug|Any CPU.ActiveCfg = Debug|Any CPU
		{69F999DA-168C-4278-AF09-831473B09842}.Debug|Any CPU.Build.0 = Debug|Any CPU
		{69F999DA-168C-4278-AF09-831473B09842}.Release|Any CPU.ActiveCfg = Release|Any CPU
		{69F999DA-168C-4278-AF09-831473B09842}.Release|Any CPU.Build.0 = Release|Any CPU
		{5EA50C95-2EC0-44F6-8A96-B772741D0A74}.Debug|Any CPU.ActiveCfg = Debug|Any CPU
		{5EA50C95-2EC0-44F6-8A96-B772741D0A74}.Debug|Any CPU.Build.0 = Debug|Any CPU
		{5EA50C95-2EC0-44F6-8A96-B772741D0A74}.Release|Any CPU.ActiveCfg = Release|Any CPU
		{5EA50C95-2EC0-44F6-8A96-B772741D0A74}.Release|Any CPU.Build.0 = Release|Any CPU
		{F1BDECE3-C50C-4DB2-B3EB-3F5E181AC911}.Debug|Any CPU.ActiveCfg = Debug|Any CPU
		{F1BDECE3-C50C-4DB2-B3EB-3F5E181AC911}.Debug|Any CPU.Build.0 = Debug|Any CPU
		{F1BDECE3-C50C-4DB2-B3EB-3F5E181AC911}.Release|Any CPU.ActiveCfg = Release|Any CPU
		{F1BDECE3-C50C-4DB2-B3EB-3F5E181AC911}.Release|Any CPU.Build.0 = Release|Any CPU
		{481B4F5F-8D9D-4DB1-8C9B-958D43570941}.Debug|Any CPU.ActiveCfg = Debug|Any CPU
		{481B4F5F-8D9D-4DB1-8C9B-958D43570941}.Debug|Any CPU.Build.0 = Debug|Any CPU
		{481B4F5F-8D9D-4DB1-8C9B-958D43570941}.Release|Any CPU.ActiveCfg = Release|Any CPU
		{481B4F5F-8D9D-4DB1-8C9B-958D43570941}.Release|Any CPU.Build.0 = Release|Any CPU
		{D8B4A2EC-6648-4E1E-8320-5235EE8FDEA7}.Debug|Any CPU.ActiveCfg = Debug|Any CPU
		{D8B4A2EC-6648-4E1E-8320-5235EE8FDEA7}.Debug|Any CPU.Build.0 = Debug|Any CPU
		{D8B4A2EC-6648-4E1E-8320-5235EE8FDEA7}.Release|Any CPU.ActiveCfg = Release|Any CPU
		{D8B4A2EC-6648-4E1E-8320-5235EE8FDEA7}.Release|Any CPU.Build.0 = Release|Any CPU
	EndGlobalSection
	GlobalSection(SolutionProperties) = preSolution
		HideSolutionNode = FALSE
	EndGlobalSection
	GlobalSection(NestedProjects) = preSolution
		{950F4257-2ECF-4E65-9A8D-AB4DA187E321} = {E699FFE4-8AE0-4F81-A72F-D854B11DF42D}
		{26ED4226-4626-4107-AB8B-6E9C69D7BD00} = {E699FFE4-8AE0-4F81-A72F-D854B11DF42D}
		{96A54259-4196-46D7-9B42-4E48C0E80E93} = {E699FFE4-8AE0-4F81-A72F-D854B11DF42D}
		{9495302D-37E6-4D21-B3AD-8D9DBC4794A2} = {E699FFE4-8AE0-4F81-A72F-D854B11DF42D}
		{9A35E791-7BA6-47E4-B6C2-1C23271C8B4A} = {E699FFE4-8AE0-4F81-A72F-D854B11DF42D}
		{829F9397-CE5A-4C0C-BC40-46251BB0F04E} = {E699FFE4-8AE0-4F81-A72F-D854B11DF42D}
		{44DCD8EE-60F5-4982-9115-766FF21593AA} = {D6009C6F-B48E-4FB1-956F-168216A97F27}
		{5633D31D-A887-44FC-ABA6-1834BE9D5829} = {D6009C6F-B48E-4FB1-956F-168216A97F27}
		{91EAEBF5-D65E-4E06-B60E-FE25D211A039} = {D6009C6F-B48E-4FB1-956F-168216A97F27}
		{7C62E239-152F-4792-ACC3-99277B86C6E3} = {D6009C6F-B48E-4FB1-956F-168216A97F27}
		{F1C8D45C-9595-4611-902D-3CDBD7E40D10} = {D6009C6F-B48E-4FB1-956F-168216A97F27}
		{C0B2FCD6-FDF1-4452-8F23-B0C7D81664DD} = {D6009C6F-B48E-4FB1-956F-168216A97F27}
		{69F999DA-168C-4278-AF09-831473B09842} = {7E426E86-D1BB-4A33-A8A0-0FCC5AC2463A}
		{5EA50C95-2EC0-44F6-8A96-B772741D0A74} = {A528CFD0-43E3-497C-85FE-B4E0740789A6}
		{F1BDECE3-C50C-4DB2-B3EB-3F5E181AC911} = {A528CFD0-43E3-497C-85FE-B4E0740789A6}
		{481B4F5F-8D9D-4DB1-8C9B-958D43570941} = {A528CFD0-43E3-497C-85FE-B4E0740789A6}
		{D8B4A2EC-6648-4E1E-8320-5235EE8FDEA7} = {A528CFD0-43E3-497C-85FE-B4E0740789A6}
	EndGlobalSection
	GlobalSection(ExtensibilityGlobals) = postSolution
		SolutionGuid = {EF06F567-9F13-4AD2-85FB-7E455214B491}
	EndGlobalSection
EndGlobal
